
Microsoft Visual Studio Solution File, Format Version 12.00
# Visual Studio Version 16
VisualStudioVersion = 16.0.31105.61
MinimumVisualStudioVersion = 10.0.40219.1
Project("{6989167D-11E4-40FE-8C1A-2192A86A7E90}") = "prodrv", "prodrv\prodrv.vfproj", "{79981026-1D0F-42A2-B518-B5A688114086}"
EndProject
Project("{6989167D-11E4-40FE-8C1A-2192A86A7E90}") = "profcn", "profcn\profcn.vfproj", "{F1B86247-024A-4B8F-82EC-6A170CCD5380}"
EndProject
Global
	GlobalSection(SolutionConfigurationPlatforms) = preSolution
		Debug|Win32 = Debug|Win32
		Debug|x64 = Debug|x64
		Release|Win32 = Release|Win32
		Release|x64 = Release|x64
	EndGlobalSection
	GlobalSection(ProjectConfigurationPlatforms) = postSolution
		{79981026-1D0F-42A2-B518-B5A688114086}.Debug|Win32.ActiveCfg = Debug|Win32
		{79981026-1D0F-42A2-B518-B5A688114086}.Debug|Win32.Build.0 = Debug|Win32
		{79981026-1D0F-42A2-B518-B5A688114086}.Debug|x64.ActiveCfg = Debug|x64
		{79981026-1D0F-42A2-B518-B5A688114086}.Debug|x64.Build.0 = Debug|x64
		{79981026-1D0F-42A2-B518-B5A688114086}.Release|Win32.ActiveCfg = Release|Win32
		{79981026-1D0F-42A2-B518-B5A688114086}.Release|Win32.Build.0 = Release|Win32
		{79981026-1D0F-42A2-B518-B5A688114086}.Release|x64.ActiveCfg = Release|x64
		{79981026-1D0F-42A2-B518-B5A688114086}.Release|x64.Build.0 = Release|x64
		{F1B86247-024A-4B8F-82EC-6A170CCD5380}.Debug|Win32.ActiveCfg = Debug|Win32
		{F1B86247-024A-4B8F-82EC-6A170CCD5380}.Debug|Win32.Build.0 = Debug|Win32
		{F1B86247-024A-4B8F-82EC-6A170CCD5380}.Debug|x64.ActiveCfg = Debug|x64
		{F1B86247-024A-4B8F-82EC-6A170CCD5380}.Debug|x64.Build.0 = Debug|x64
		{F1B86247-024A-4B8F-82EC-6A170CCD5380}.Release|Win32.ActiveCfg = Release|Win32
		{F1B86247-024A-4B8F-82EC-6A170CCD5380}.Release|Win32.Build.0 = Release|Win32
		{F1B86247-024A-4B8F-82EC-6A170CCD5380}.Release|x64.ActiveCfg = Release|x64
		{F1B86247-024A-4B8F-82EC-6A170CCD5380}.Release|x64.Build.0 = Release|x64
	EndGlobalSection
	GlobalSection(SolutionProperties) = preSolution
		HideSolutionNode = FALSE
	EndGlobalSection
	GlobalSection(ExtensibilityGlobals) = postSolution
		SolutionGuid = {E6BE4AA0-5FEB-46D5-AE88-6AEEF2CCE8FC}
	EndGlobalSection
EndGlobal
